# THIS IS AN AUTOGENERATED FILE. DO NOT EDIT THIS FILE DIRECTLY.
# yarn lockfile v1


animejs@^2.2.0:
  version "2.2.0"
  resolved "https://registry.yarnpkg.com/animejs/-/animejs-2.2.0.tgz#35eefdfc535b81949c9cb06f0b3e60c02e6fdc80"
  integrity sha1-Ne79/FNbgZScnLBvCz5gwC5v3IA=

lodash.isequal@^4.5.0:
  version "4.5.0"
  resolved "https://registry.yarnpkg.com/lodash.isequal/-/lodash.isequal-4.5.0.tgz#415c4478f2bcc30120c22ce10ed3226f7d3e18e0"
  integrity sha1-QVxEePK8wwEgwizhDtMib30+GOA=

react-anime@^2.2.0:
  version "2.2.0"
  resolved "https://registry.yarnpkg.com/react-anime/-/react-anime-2.2.0.tgz#882dae528618573a866d4ee37265fe19696760d0"
  integrity sha512-terZpZjLSanmxaPkb5mkIL1KSmMcF/4Unk5F1IfgoCTUkz6dRWcblA702X1NSsac/6oy60q2SyS857UcJCQPtQ==
  dependencies:
    animejs "^2.2.0"
    lodash.isequal "^4.5.0"
